# This file is automatically @generated by Cargo.
# It is not intended for manual editing.
[[package]]
name = "linked-hash-map"
version = "0.5.2"
source = "registry+https://github.com/rust-lang/crates.io-index"
checksum = "ae91b68aebc4ddb91978b11a1b02ddd8602a05ec19002801c5666000e05e0f83"

[[package]]
name = "merge-yaml-hash"
version = "0.2.0"
source = "registry+https://github.com/rust-lang/crates.io-index"
checksum = "131ffba49fbd93920ad876e2851bd6c854f4d956c22c464e50214ed8ccc8554e"
dependencies = [
 "linked-hash-map",
 "yaml-rust 0.4.3",
]

[[package]]
name = "merger"
version = "0.1.0"
dependencies = [
 "merge-yaml-hash",
 "yaml-rust 0.3.5",
]

[[package]]
name = "yaml-rust"
version = "0.3.5"
source = "registry+https://github.com/rust-lang/crates.io-index"
checksum = "e66366e18dc58b46801afbf2ca7661a9f59cc8c5962c29892b6039b4f86fa992"

[[package]]
name = "yaml-rust"
version = "0.4.3"
source = "registry+https://github.com/rust-lang/crates.io-index"
checksum = "65923dd1784f44da1d2c3dbbc5e822045628c590ba72123e1c73d3c230c4434d"
dependencies = [
 "linked-hash-map",
]
